
Microsoft Visual Studio Solution File, Format Version 12.00
# Visual Studio Version 17
VisualStudioVersion = 17.14.36414.22 d17.14
MinimumVisualStudioVersion = 10.0.40219.1
Project("{FAE04EC0-301F-11D3-BF4B-00C04F79EFBC}") = "backend-eleanor", "backend-eleanor.csproj", "{5D9E1B74-7FA1-4F2E-9195-E71FDECEB9B2}"
EndProject
Project("{FAE04EC0-301F-11D3-BF4B-00C04F79EFBC}") = "Domain", "..\Domain\Domain.csproj", "{1B4E0560-BE74-4C89-A614-785D1BA68DCD}"
EndProject
Project("{FAE04EC0-301F-11D3-BF4B-00C04F79EFBC}") = "Infra", "..\Infra\Infra.csproj", "{67886492-266D-4FC6-819B-0D51A622F769}"
EndProject
Project("{FAE04EC0-301F-11D3-BF4B-00C04F79EFBC}") = "Interface", "..\Interface\Interface.csproj", "{EC127D09-DE2E-4AB5-90A7-7FA7C5440492}"
EndProject
Project("{FAE04EC0-301F-11D3-BF4B-00C04F79EFBC}") = "Application", "..\Application\Application.csproj", "{47C7384E-B243-43D2-8A08-B5BDC7E29C07}"
EndProject
Global
	GlobalSection(SolutionConfigurationPlatforms) = preSolution
		Debug|Any CPU = Debug|Any CPU
		Release|Any CPU = Release|Any CPU
	EndGlobalSection
	GlobalSection(ProjectConfigurationPlatforms) = postSolution
		{5D9E1B74-7FA1-4F2E-9195-E71FDECEB9B2}.Debug|Any CPU.ActiveCfg = Debug|Any CPU
		{5D9E1B74-7FA1-4F2E-9195-E71FDECEB9B2}.Debug|Any CPU.Build.0 = Debug|Any CPU
		{5D9E1B74-7FA1-4F2E-9195-E71FDECEB9B2}.Release|Any CPU.ActiveCfg = Release|Any CPU
		{5D9E1B74-7FA1-4F2E-9195-E71FDECEB9B2}.Release|Any CPU.Build.0 = Release|Any CPU
		{1B4E0560-BE74-4C89-A614-785D1BA68DCD}.Debug|Any CPU.ActiveCfg = Debug|Any CPU
		{1B4E0560-BE74-4C89-A614-785D1BA68DCD}.Debug|Any CPU.Build.0 = Debug|Any CPU
		{1B4E0560-BE74-4C89-A614-785D1BA68DCD}.Release|Any CPU.ActiveCfg = Release|Any CPU
		{1B4E0560-BE74-4C89-A614-785D1BA68DCD}.Release|Any CPU.Build.0 = Release|Any CPU
		{67886492-266D-4FC6-819B-0D51A622F769}.Debug|Any CPU.ActiveCfg = Debug|Any CPU
		{67886492-266D-4FC6-819B-0D51A622F769}.Debug|Any CPU.Build.0 = Debug|Any CPU
		{67886492-266D-4FC6-819B-0D51A622F769}.Release|Any CPU.ActiveCfg = Release|Any CPU
		{67886492-266D-4FC6-819B-0D51A622F769}.Release|Any CPU.Build.0 = Release|Any CPU
		{EC127D09-DE2E-4AB5-90A7-7FA7C5440492}.Debug|Any CPU.ActiveCfg = Debug|Any CPU
		{EC127D09-DE2E-4AB5-90A7-7FA7C5440492}.Debug|Any CPU.Build.0 = Debug|Any CPU
		{EC127D09-DE2E-4AB5-90A7-7FA7C5440492}.Release|Any CPU.ActiveCfg = Release|Any CPU
		{EC127D09-DE2E-4AB5-90A7-7FA7C5440492}.Release|Any CPU.Build.0 = Release|Any CPU
		{47C7384E-B243-43D2-8A08-B5BDC7E29C07}.Debug|Any CPU.ActiveCfg = Debug|Any CPU
		{47C7384E-B243-43D2-8A08-B5BDC7E29C07}.Debug|Any CPU.Build.0 = Debug|Any CPU
		{47C7384E-B243-43D2-8A08-B5BDC7E29C07}.Release|Any CPU.ActiveCfg = Release|Any CPU
		{47C7384E-B243-43D2-8A08-B5BDC7E29C07}.Release|Any CPU.Build.0 = Release|Any CPU
	EndGlobalSection
	GlobalSection(SolutionProperties) = preSolution
		HideSolutionNode = FALSE
	EndGlobalSection
	GlobalSection(ExtensibilityGlobals) = postSolution
		SolutionGuid = {43BDF9DA-0137-4854-8F19-B716F93B4D3C}
	EndGlobalSection
EndGlobal
